
Microsoft Visual Studio Solution File, Format Version 12.00
# Visual Studio Version 17
VisualStudioVersion = 17.0.32014.148
MinimumVisualStudioVersion = 10.0.40219.1
Project("{FAE04EC0-301F-11D3-BF4B-00C04F79EFBC}") = "FLOCKAPI", "FLOCKAPI\FLOCKAPI.csproj", "{FE178B0B-B6B5-400C-8B23-7728F8D2F725}"
EndProject
Project("{FAE04EC0-301F-11D3-BF4B-00C04F79EFBC}") = "FLOCKTESTS", "FLOCKTESTS\FLOCKTESTS.csproj", "{A853ED6A-2AB1-4914-BBAD-E2E5B8523A9B}"
EndProject
Global
	GlobalSection(SolutionConfigurationPlatforms) = preSolution
		Debug|Any CPU = Debug|Any CPU
		Release|Any CPU = Release|Any CPU
	EndGlobalSection
	GlobalSection(ProjectConfigurationPlatforms) = postSolution
		{FE178B0B-B6B5-400C-8B23-7728F8D2F725}.Debug|Any CPU.ActiveCfg = Debug|Any CPU
		{FE178B0B-B6B5-400C-8B23-7728F8D2F725}.Debug|Any CPU.Build.0 = Debug|Any CPU
		{FE178B0B-B6B5-400C-8B23-7728F8D2F725}.Release|Any CPU.ActiveCfg = Release|Any CPU
		{FE178B0B-B6B5-400C-8B23-7728F8D2F725}.Release|Any CPU.Build.0 = Release|Any CPU
		{A853ED6A-2AB1-4914-BBAD-E2E5B8523A9B}.Debug|Any CPU.ActiveCfg = Debug|Any CPU
		{A853ED6A-2AB1-4914-BBAD-E2E5B8523A9B}.Debug|Any CPU.Build.0 = Debug|Any CPU
		{A853ED6A-2AB1-4914-BBAD-E2E5B8523A9B}.Release|Any CPU.ActiveCfg = Release|Any CPU
		{A853ED6A-2AB1-4914-BBAD-E2E5B8523A9B}.Release|Any CPU.Build.0 = Release|Any CPU
	EndGlobalSection
	GlobalSection(SolutionProperties) = preSolution
		HideSolutionNode = FALSE
	EndGlobalSection
	GlobalSection(ExtensibilityGlobals) = postSolution
		SolutionGuid = {023744B1-9F87-4A21-A246-EECD10E49F82}
	EndGlobalSection
EndGlobal
